{
  "version": 1,
  "dependencies": {
    "net7.0": {
      "FluentValidation.AspNetCore": {
        "type": "Direct",
        "requested": "[11.2.2, )",
        "resolved": "11.2.2",
        "contentHash": "jU/MHXqg9cnOU18dY75vorP2c2WDKMan4zegOPsoc34xZVjzTEtXP0fKvkDEdeaChUVooNWuRr27u9w3sYbEFA==",
        "dependencies": {
          "FluentValidation": "11.2.1",
          "FluentValidation.DependencyInjectionExtensions": "11.2.1"
        }
      },
      "StyleCop.Analyzers": {
        "type": "Direct",
        "requested": "[1.2.0-beta.435, )",
        "resolved": "1.2.0-beta.435",
        "contentHash": "TADk7vdGXtfTnYCV7GyleaaRTQjfoSfZXprQrVMm7cSJtJbFc1QIbWPyLvrgrfGdfHbGmUPvaN4ODKNxg2jgPQ==",
        "dependencies": {
          "StyleCop.Analyzers.Unstable": "1.2.0.435"
        }
      },
      "Swashbuckle.AspNetCore": {
        "type": "Direct",
        "requested": "[6.5.0, )",
        "resolved": "6.5.0",
        "contentHash": "FK05XokgjgwlCI6wCT+D4/abtQkL1X1/B9Oas6uIwHFmYrIO9WUD5aLC9IzMs9GnHfUXOtXZ2S43gN1mhs5+aA==",
        "dependencies": {
          "Microsoft.Extensions.ApiDescription.Server": "6.0.5",
          "Swashbuckle.AspNetCore.Swagger": "6.5.0",
          "Swashbuckle.AspNetCore.SwaggerGen": "6.5.0",
          "Swashbuckle.AspNetCore.SwaggerUI": "6.5.0"
        }
      },
      "Swashbuckle.AspNetCore.Annotations": {
        "type": "Direct",
        "requested": "[6.5.0, )",
        "resolved": "6.5.0",
        "contentHash": "EcHd1z2pEdnpaBMTI9qjVxk6mFVGVMZ1n0ySC3fjrkXCQQ8O9fMdt9TxPJRKyjiTiTjvO9700jKjmyl+hPBinQ==",
        "dependencies": {
          "Swashbuckle.AspNetCore.SwaggerGen": "6.5.0"
        }
      },
      "FluentValidation": {
        "type": "Transitive",
        "resolved": "11.2.1",
        "contentHash": "ZrQD0TGd0mHqf/zErZOEaba8cBeInaJj02nqinO+0La3uE08sJ5ScTYqsCbdx9fLHsX8rh+5KH5RtL2eOUS+OA=="
      },
      "FluentValidation.DependencyInjectionExtensions": {
        "type": "Transitive",
        "resolved": "11.2.1",
        "contentHash": "WqR2kt0OidUCg9xS+YOoiDmdCu7EnYLLgQb/bX+5fTTVor+90dWmr1OdJaWlLZvg2nbwV9EfxA9FZp91+JmQtg==",
        "dependencies": {
          "FluentValidation": "11.2.1",
          "Microsoft.Extensions.Dependencyinjection.Abstractions": "2.1.0"
        }
      },
      "LiteDB": {
        "type": "Transitive",
        "resolved": "5.0.12",
        "contentHash": "HaOjSIGS9BRm7dw42qcHd5NGYl5wdjsFB31pImt3QQNLKUNEmRAr7ADos5VsujwBc9c4otJgb+G6NA4MlzKyAw=="
      },
      "Microsoft.Extensions.ApiDescription.Server": {
        "type": "Transitive",
        "resolved": "6.0.5",
        "contentHash": "Ckb5EDBUNJdFWyajfXzUIMRkhf52fHZOQuuZg/oiu8y7zDCVwD0iHhew6MnThjHmevanpxL3f5ci2TtHQEN6bw=="
      },
      "Microsoft.Extensions.DependencyInjection.Abstractions": {
        "type": "Transitive",
        "resolved": "2.1.0",
        "contentHash": "8/CtASu80UIoyG+r8FstrmZW5GLtXxzoYpjj3jV0FKZCL5CiFgSH3pAmqut/dC68mu7N1bU6v0UtKKL3gCUQGQ=="
      },
      "Microsoft.OpenApi": {
        "type": "Transitive",
        "resolved": "1.2.3",
        "contentHash": "Nug3rO+7Kl5/SBAadzSMAVgqDlfGjJZ0GenQrLywJ84XGKO0uRqkunz5Wyl0SDwcR71bAATXvSdbdzPrYRYKGw=="
      },
      "StyleCop.Analyzers.Unstable": {
        "type": "Transitive",
        "resolved": "1.2.0.435",
        "contentHash": "ouwPWZxbOV3SmCZxIRqHvljkSzkCyi1tDoMzQtDb/bRP8ctASV/iRJr+A2Gdj0QLaLmWnqTWDrH82/iP+X80Lg=="
      },
      "Swashbuckle.AspNetCore.Swagger": {
        "type": "Transitive",
        "resolved": "6.5.0",
        "contentHash": "XWmCmqyFmoItXKFsQSwQbEAsjDKcxlNf1l+/Ki42hcb6LjKL8m5Db69OTvz5vLonMSRntYO1XLqz0OP+n3vKnA==",
        "dependencies": {
          "Microsoft.OpenApi": "1.2.3"
        }
      },
      "Swashbuckle.AspNetCore.SwaggerGen": {
        "type": "Transitive",
        "resolved": "6.5.0",
        "contentHash": "Y/qW8Qdg9OEs7V013tt+94OdPxbRdbhcEbw4NiwGvf4YBcfhL/y7qp/Mjv/cENsQ2L3NqJ2AOu94weBy/h4KvA==",
        "dependencies": {
          "Swashbuckle.AspNetCore.Swagger": "6.5.0"
        }
      },
      "Swashbuckle.AspNetCore.SwaggerUI": {
        "type": "Transitive",
        "resolved": "6.5.0",
        "contentHash": "OvbvxX+wL8skxTBttcBsVxdh73Fag4xwqEU2edh4JMn7Ws/xJHnY/JB1e9RoCb6XpDxUF3hD9A0Z1lEUx40Pfw=="
      },
      "answer.king.domain": {
        "type": "Project"
      },
      "answer.king.infrastructure": {
        "type": "Project",
        "dependencies": {
          "Answer.King.Domain": "[1.0.0, )",
          "LiteDB": "[5.0.12, )"
        }
      }
    }
  }
}